// !$*UTF8*$!
{
	archiveVersion = 1;
	classes = {
	};
	objectVersion = 48;
	objects = {

/* Begin PBXBuildFile section */
		6DF006F81FC050A10016AA10 /* AppDelegate.m in Sources */ = {isa = PBXBuildFile; fileRef = 6DF006F71FC050A10016AA10 /* AppDelegate.m */; };
		6DF006FB1FC050A10016AA10 /* ViewController.m in Sources */ = {isa = PBXBuildFile; fileRef = 6DF006FA1FC050A10016AA10 /* ViewController.m */; };
		6DF007001FC050A10016AA10 /* Assets.xcassets in Resources */ = {isa = PBXBuildFile; fileRef = 6DF006FF1FC050A10016AA10 /* Assets.xcassets */; };
		6DF007061FC050A10016AA10 /* main.m in Sources */ = {isa = PBXBuildFile; fileRef = 6DF007051FC050A10016AA10 /* main.m */; };
		6DF007101FC050A10016AA10 /* ClassAndPropertiesPrintTests.m in Sources */ = {isa = PBXBuildFile; fileRef = 6DF0070F1FC050A10016AA10 /* ClassAndPropertiesPrintTests.m */; };
		6DF0071B1FC050A10016AA10 /* ClassAndPropertiesPrintUITests.m in Sources */ = {isa = PBXBuildFile; fileRef = 6DF0071A1FC050A10016AA10 /* ClassAndPropertiesPrintUITests.m */; };
		6DF0072A1FC0517B0016AA10 /* NSObject+PropertyListing.m in Sources */ = {isa = PBXBuildFile; fileRef = 6DF007291FC0517B0016AA10 /* NSObject+PropertyListing.m */; };
/* End PBXBuildFile section */

/* Begin PBXContainerItemProxy section */
		6DF0070C1FC050A10016AA10 /* PBXContainerItemProxy */ = {
			isa = PBXContainerItemProxy;
			containerPortal = 6DF006EB1FC050A10016AA10 /* Project object */;
			proxyType = 1;
			remoteGlobalIDString = 6DF006F21FC050A10016AA10;
			remoteInfo = ClassAndPropertiesPrint;
		};
		6DF007171FC050A10016AA10 /* PBXContainerItemProxy */ = {
			isa = PBXContainerItemProxy;
			containerPortal = 6DF006EB1FC050A10016AA10 /* Project object */;
			proxyType = 1;
			remoteGlobalIDString = 6DF006F21FC050A10016AA10;
			remoteInfo = ClassAndPropertiesPrint;
		};
/* End PBXContainerItemProxy section */

/* Begin PBXFileReference section */
		6DF006F31FC050A10016AA10 /* ClassAndPropertiesPrint.app */ = {isa = PBXFileReference; explicitFileType = wrapper.application; includeInIndex = 0; path = ClassAndPropertiesPrint.app; sourceTree = BUILT_PRODUCTS_DIR; };
		6DF006F61FC050A10016AA10 /* AppDelegate.h */ = {isa = PBXFileReference; lastKnownFileType = sourcecode.c.h; path = AppDelegate.h; sourceTree = "<group>"; };
		6DF006F71FC050A10016AA10 /* AppDelegate.m */ = {isa = PBXFileReference; lastKnownFileType = sourcecode.c.objc; path = AppDelegate.m; sourceTree = "<group>"; };
		6DF006F91FC050A10016AA10 /* ViewController.h */ = {isa = PBXFileReference; lastKnownFileType = sourcecode.c.h; path = ViewController.h; sourceTree = "<group>"; };
		6DF006FA1FC050A10016AA10 /* ViewController.m */ = {isa = PBXFileReference; lastKnownFileType = sourcecode.c.objc; path = ViewController.m; sourceTree = "<group>"; };
		6DF006FF1FC050A10016AA10 /* Assets.xcassets */ = {isa = PBXFileReference; lastKnownFileType = folder.assetcatalog; path = Assets.xcassets; sourceTree = "<group>"; };
		6DF007041FC050A10016AA10 /* Info.plist */ = {isa = PBXFileReference; lastKnownFileType = text.plist.xml; path = Info.plist; sourceTree = "<group>"; };
		6DF007051FC050A10016AA10 /* main.m */ = {isa = PBXFileReference; lastKnownFileType = sourcecode.c.objc; path = main.m; sourceTree = "<group>"; };
		6DF0070B1FC050A10016AA10 /* ClassAndPropertiesPrintTests.xctest */ = {isa = PBXFileReference; explicitFileType = wrapper.cfbundle; includeInIndex = 0; path = ClassAndPropertiesPrintTests.xctest; sourceTree = BUILT_PRODUCTS_DIR; };
		6DF0070F1FC050A10016AA10 /* ClassAndPropertiesPrintTests.m */ = {isa = PBXFileReference; lastKnownFileType = sourcecode.c.objc; path = ClassAndPropertiesPrintTests.m; sourceTree = "<group>"; };
		6DF007111FC050A10016AA10 /* Info.plist */ = {isa = PBXFileReference; lastKnownFileType = text.plist.xml; path = Info.plist; sourceTree = "<group>"; };
		6DF007161FC050A10016AA10 /* ClassAndPropertiesPrintUITests.xctest */ = {isa = PBXFileReference; explicitFileType = wrapper.cfbundle; includeInIndex = 0; path = ClassAndPropertiesPrintUITests.xctest; sourceTree = BUILT_PRODUCTS_DIR; };
		6DF0071A1FC050A10016AA10 /* ClassAndPropertiesPrintUITests.m */ = {isa = PBXFileReference; lastKnownFileType = sourcecode.c.objc; path = ClassAndPropertiesPrintUITests.m; sourceTree = "<group>"; };
		6DF0071C1FC050A10016AA10 /* Info.plist */ = {isa = PBXFileReference; lastKnownFileType = text.plist.xml; path = Info.plist; sourceTree = "<group>"; };
		6DF007281FC0517B0016AA10 /* NSObject+PropertyListing.h */ = {isa = PBXFileReference; lastKnownFileType = sourcecode.c.h; path = "NSObject+PropertyListing.h"; sourceTree = "<group>"; };
		6DF007291FC0517B0016AA10 /* NSObject+PropertyListing.m */ = {isa = PBXFileReference; lastKnownFileType = sourcecode.c.objc; path = "NSObject+PropertyListing.m"; sourceTree = "<group>"; };
/* End PBXFileReference section */

/* Begin PBXFrameworksBuildPhase section */
		6DF006F01FC050A10016AA10 /* Frameworks */ = {
			isa = PBXFrameworksBuildPhase;
			buildActionMask = 2147483647;
			files = (
			);
			runOnlyForDeploymentPostprocessing = 0;
		};
		6DF007081FC050A10016AA10 /* Frameworks */ = {
			isa = PBXFrameworksBuildPhase;
			buildActionMask = 2147483647;
			files = (
			);
			runOnlyForDeploymentPostprocessing = 0;
		};
		6DF007131FC050A10016AA10 /* Frameworks */ = {
			isa = PBXFrameworksBuildPhase;
			buildActionMask = 2147483647;
			files = (
			);
			runOnlyForDeploymentPostprocessing = 0;
		};
/* End PBXFrameworksBuildPhase section */

/* Begin PBXGroup section */
		6DF006EA1FC050A10016AA10 = {
			isa = PBXGroup;
			children = (
				6DF006F51FC050A10016AA10 /* ClassAndPropertiesPrint */,
				6DF0070E1FC050A10016AA10 /* ClassAndPropertiesPrintTests */,
				6DF007191FC050A10016AA10 /* ClassAndPropertiesPrintUITests */,
				6DF006F41FC050A10016AA10 /* Products */,
			);
			sourceTree = "<group>";
		};
		6DF006F41FC050A10016AA10 /* Products */ = {
			isa = PBXGroup;
			children = (
				6DF006F31FC050A10016AA10 /* ClassAndPropertiesPrint.app */,
				6DF0070B1FC050A10016AA10 /* ClassAndPropertiesPrintTests.xctest */,
				6DF007161FC050A10016AA10 /* ClassAndPropertiesPrintUITests.xctest */,
			);
			name = Products;
			sourceTree = "<group>";
		};
		6DF006F51FC050A10016AA10 /* ClassAndPropertiesPrint */ = {
			isa = PBXGroup;
			children = (
				6DF006F61FC050A10016AA10 /* AppDelegate.h */,
				6DF006F71FC050A10016AA10 /* AppDelegate.m */,
				6DF006F91FC050A10016AA10 /* ViewController.h */,
				6DF006FA1FC050A10016AA10 /* ViewController.m */,
				6DF007281FC0517B0016AA10 /* NSObject+PropertyListing.h */,
				6DF007291FC0517B0016AA10 /* NSObject+PropertyListing.m */,
				6DF006FF1FC050A10016AA10 /* Assets.xcassets */,
				6DF007041FC050A10016AA10 /* Info.plist */,
				6DF007051FC050A10016AA10 /* main.m */,
			);
			path = ClassAndPropertiesPrint;
			sourceTree = "<group>";
		};
		6DF0070E1FC050A10016AA10 /* ClassAndPropertiesPrintTests */ = {
			isa = PBXGroup;
			children = (
				6DF0070F1FC050A10016AA10 /* ClassAndPropertiesPrintTests.m */,
				6DF007111FC050A10016AA10 /* Info.plist */,
			);
			path = ClassAndPropertiesPrintTests;
			sourceTree = "<group>";
		};
		6DF007191FC050A10016AA10 /* ClassAndPropertiesPrintUITests */ = {
			isa = PBXGroup;
			children = (
				6DF0071A1FC050A10016AA10 /* ClassAndPropertiesPrintUITests.m */,
				6DF0071C1FC050A10016AA10 /* Info.plist */,
			);
			path = ClassAndPropertiesPrintUITests;
			sourceTree = "<group>";
		};
/* End PBXGroup section */

/* Begin PBXNativeTarget section */
		6DF006F21FC050A10016AA10 /* ClassAndPropertiesPrint */ = {
			isa = PBXNativeTarget;
			buildConfigurationList = 6DF0071F1FC050A10016AA10 /* Build configuration list for PBXNativeTarget "ClassAndPropertiesPrint" */;
			buildPhases = (
				6DF006EF1FC050A10016AA10 /* Sources */,
				6DF006F01FC050A10016AA10 /* Frameworks */,
				6DF006F11FC050A10016AA10 /* Resources */,
			);
			buildRules = (
			);
			dependencies = (
			);
			name = ClassAndPropertiesPrint;
			productName = ClassAndPropertiesPrint;
			productReference = 6DF006F31FC050A10016AA10 /* ClassAndPropertiesPrint.app */;
			productType = "com.apple.product-type.application";
		};
		6DF0070A1FC050A10016AA10 /* ClassAndPropertiesPrintTests */ = {
			isa = PBXNativeTarget;
			buildConfigurationList = 6DF007221FC050A10016AA10 /* Build configuration list for PBXNativeTarget "ClassAndPropertiesPrintTests" */;
			buildPhases = (
				6DF007071FC050A10016AA10 /* Sources */,
				6DF007081FC050A10016AA10 /* Frameworks */,
				6DF007091FC050A10016AA10 /* Resources */,
			);
			buildRules = (
			);
			dependencies = (
				6DF0070D1FC050A10016AA10 /* PBXTargetDependency */,
			);
			name = ClassAndPropertiesPrintTests;
			productName = ClassAndPropertiesPrintTests;
			productReference = 6DF0070B1FC050A10016AA10 /* ClassAndPropertiesPrintTests.xctest */;
			productType = "com.apple.product-type.bundle.unit-test";
		};
		6DF007151FC050A10016AA10 /* ClassAndPropertiesPrintUITests */ = {
			isa = PBXNativeTarget;
			buildConfigurationList = 6DF007251FC050A10016AA10 /* Build configuration list for PBXNativeTarget "ClassAndPropertiesPrintUITests" */;
			buildPhases = (
				6DF007121FC050A10016AA10 /* Sources */,
				6DF007131FC050A10016AA10 /* Frameworks */,
				6DF007141FC050A10016AA10 /* Resources */,
			);
			buildRules = (
			);
			dependencies = (
				6DF007181FC050A10016AA10 /* PBXTargetDependency */,
			);
			name = ClassAndPropertiesPrintUITests;
			productName = ClassAndPropertiesPrintUITests;
			productReference = 6DF007161FC050A10016AA10 /* ClassAndPropertiesPrintUITests.xctest */;
			productType = "com.apple.product-type.bundle.ui-testing";
		};
/* End PBXNativeTarget section */

/* Begin PBXProject section */
		6DF006EB1FC050A10016AA10 /* Project object */ = {
			isa = PBXProject;
			attributes = {
				LastUpgradeCheck = 0910;
				ORGANIZATIONNAME = iHTCboy;
				TargetAttributes = {
					6DF006F21FC050A10016AA10 = {
						CreatedOnToolsVersion = 9.1;
						ProvisioningStyle = Automatic;
					};
					6DF0070A1FC050A10016AA10 = {
						CreatedOnToolsVersion = 9.1;
						ProvisioningStyle = Automatic;
						TestTargetID = 6DF006F21FC050A10016AA10;
					};
					6DF007151FC050A10016AA10 = {
						CreatedOnToolsVersion = 9.1;
						ProvisioningStyle = Automatic;
						TestTargetID = 6DF006F21FC050A10016AA10;
					};
				};
			};
			buildConfigurationList = 6DF006EE1FC050A10016AA10 /* Build configuration list for PBXProject "ClassAndPropertiesPrint" */;
			compatibilityVersion = "Xcode 8.0";
			developmentRegion = en;
			hasScannedForEncodings = 0;
			knownRegions = (
				en,
				Base,
			);
			mainGroup = 6DF006EA1FC050A10016AA10;
			productRefGroup = 6DF006F41FC050A10016AA10 /* Products */;
			projectDirPath = "";
			projectRoot = "";
			targets = (
				6DF006F21FC050A10016AA10 /* ClassAndPropertiesPrint */,
				6DF0070A1FC050A10016AA10 /* ClassAndPropertiesPrintTests */,
				6DF007151FC050A10016AA10 /* ClassAndPropertiesPrintUITests */,
			);
		};
/* End PBXProject section */

/* Begin PBXResourcesBuildPhase section */
		6DF006F11FC050A10016AA10 /* Resources */ = {
			isa = PBXResourcesBuildPhase;
			buildActionMask = 2147483647;
			files = (
				6DF007001FC050A10016AA10 /* Assets.xcassets in Resources */,
			);
			runOnlyForDeploymentPostprocessing = 0;
		};
		6DF007091FC050A10016AA10 /* Resources */ = {
			isa = PBXResourcesBuildPhase;
			buildActionMask = 2147483647;
			files = (
			);
			runOnlyForDeploymentPostprocessing = 0;
		};
		6DF007141FC050A10016AA10 /* Resources */ = {
			isa = PBXResourcesBuildPhase;
			buildActionMask = 2147483647;
			files = (
			);
			runOnlyForDeploymentPostprocessing = 0;
		};
/* End PBXResourcesBuildPhase section */

/* Begin PBXSourcesBuildPhase section */
		6DF006EF1FC050A10016AA10 /* Sources */ = {
			isa = PBXSourcesBuildPhase;
			buildActionMask = 2147483647;
			files = (
				6DF006FB1FC050A10016AA10 /* ViewController.m in Sources */,
				6DF007061FC050A10016AA10 /* main.m in Sources */,
				6DF006F81FC050A10016AA10 /* AppDelegate.m in Sources */,
				6DF0072A1FC0517B0016AA10 /* NSObject+PropertyListing.m in Sources */,
			);
			runOnlyForDeploymentPostprocessing = 0;
		};
		6DF007071FC050A10016AA10 /* Sources */ = {
			isa = PBXSourcesBuildPhase;
			buildActionMask = 2147483647;
			files = (
				6DF007101FC050A10016AA10 /* ClassAndPropertiesPrintTests.m in Sources */,
			);
			runOnlyForDeploymentPostprocessing = 0;
		};
		6DF007121FC050A10016AA10 /* Sources */ = {
			isa = PBXSourcesBuildPhase;
			buildActionMask = 2147483647;
			files = (
				6DF0071B1FC050A10016AA10 /* ClassAndPropertiesPrintUITests.m in Sources */,
			);
			runOnlyForDeploymentPostprocessing = 0;
		};
/* End PBXSourcesBuildPhase section */

/* Begin PBXTargetDependency section */
		6DF0070D1FC050A10016AA10 /* PBXTargetDependency */ = {
			isa = PBXTargetDependency;
			target = 6DF006F21FC050A10016AA10 /* ClassAndPropertiesPrint */;
			targetProxy = 6DF0070C1FC050A10016AA10 /* PBXContainerItemProxy */;
		};
		6DF007181FC050A10016AA10 /* PBXTargetDependency */ = {
			isa = PBXTargetDependency;
			target = 6DF006F21FC050A10016AA10 /* ClassAndPropertiesPrint */;
			targetProxy = 6DF007171FC050A10016AA10 /* PBXContainerItemProxy */;
		};
/* End PBXTargetDependency section */

/* Begin XCBuildConfiguration section */
		6DF0071D1FC050A10016AA10 /* Debug */ = {
			isa = XCBuildConfiguration;
			buildSettings = {
				ALWAYS_SEARCH_USER_PATHS = NO;
				CLANG_ANALYZER_NONNULL = YES;
				CLANG_ANALYZER_NUMBER_OBJECT_CONVERSION = YES_AGGRESSIVE;
				CLANG_CXX_LANGUAGE_STANDARD = "gnu++14";
				CLANG_CXX_LIBRARY = "libc++";
				CLANG_ENABLE_MODULES = YES;
				CLANG_ENABLE_OBJC_ARC = YES;
				CLANG_WARN_BLOCK_CAPTURE_AUTORELEASING = YES;
				CLANG_WARN_BOOL_CONVERSION = YES;
				CLANG_WARN_COMMA = YES;
				CLANG_WARN_CONSTANT_CONVERSION = YES;
				CLANG_WARN_DIRECT_OBJC_ISA_USAGE = YES_ERROR;
				CLANG_WARN_DOCUMENTATION_COMMENTS = YES;
				CLANG_WARN_EMPTY_BODY = YES;
				CLANG_WARN_ENUM_CONVERSION = YES;
				CLANG_WARN_INFINITE_RECURSION = YES;
				CLANG_WARN_INT_CONVERSION = YES;
				CLANG_WARN_NON_LITERAL_NULL_CONVERSION = YES;
				CLANG_WARN_OBJC_LITERAL_CONVERSION = YES;
				CLANG_WARN_OBJC_ROOT_CLASS = YES_ERROR;
				CLANG_WARN_RANGE_LOOP_ANALYSIS = YES;
				CLANG_WARN_STRICT_PROTOTYPES = YES;
				CLANG_WARN_SUSPICIOUS_MOVE = YES;
				CLANG_WARN_UNGUARDED_AVAILABILITY = YES_AGGRESSIVE;
				CLANG_WARN_UNREACHABLE_CODE = YES;
				CLANG_WARN__DUPLICATE_METHOD_MATCH = YES;
				CODE_SIGN_IDENTITY = "iPhone Developer";
				COPY_PHASE_STRIP = NO;
				DEBUG_INFORMATION_FORMAT = dwarf;
				ENABLE_STRICT_OBJC_MSGSEND = YES;
				ENABLE_TESTABILITY = YES;
				GCC_C_LANGUAGE_STANDARD = gnu11;
				GCC_DYNAMIC_NO_PIC = NO;
				GCC_NO_COMMON_BLOCKS = YES;
				GCC_OPTIMIZATION_LEVEL = 0;
				GCC_PREPROCESSOR_DEFINITIONS = (
					"DEBUG=1",
					"$(inherited)",
				);
				GCC_WARN_64_TO_32_BIT_CONVERSION = YES;
				GCC_WARN_ABOUT_RETURN_TYPE = YES_ERROR;
				GCC_WARN_UNDECLARED_SELECTOR = YES;
				GCC_WARN_UNINITIALIZED_AUTOS = YES_AGGRESSIVE;
				GCC_WARN_UNUSED_FUNCTION = YES;
				GCC_WARN_UNUSED_VARIABLE = YES;
				IPHONEOS_DEPLOYMENT_TARGET = 9.0;
				MTL_ENABLE_DEBUG_INFO = YES;
				ONLY_ACTIVE_ARCH = YES;
				SDKROOT = iphoneos;
			};
			name = Debug;
		};
		6DF0071E1FC050A10016AA10 /* Release */ = {
			isa = XCBuildConfiguration;
			buildSettings = {
				ALWAYS_SEARCH_USER_PATHS = NO;
				CLANG_ANALYZER_NONNULL = YES;
				CLANG_ANALYZER_NUMBER_OBJECT_CONVERSION = YES_AGGRESSIVE;
				CLANG_CXX_LANGUAGE_STANDARD = "gnu++14";
				CLANG_CXX_LIBRARY = "libc++";
				CLANG_ENABLE_MODULES = YES;
				CLANG_ENABLE_OBJC_ARC = YES;
				CLANG_WARN_BLOCK_CAPTURE_AUTORELEASING = YES;
				CLANG_WARN_BOOL_CONVERSION = YES;
				CLANG_WARN_COMMA = YES;
				CLANG_WARN_CONSTANT_CONVERSION = YES;
				CLANG_WARN_DIRECT_OBJC_ISA_USAGE = YES_ERROR;
				CLANG_WARN_DOCUMENTATION_COMMENTS = YES;
				CLANG_WARN_EMPTY_BODY = YES;
				CLANG_WARN_ENUM_CONVERSION = YES;
				CLANG_WARN_INFINITE_RECURSION = YES;
				CLANG_WARN_INT_CONVERSION = YES;
				CLANG_WARN_NON_LITERAL_NULL_CONVERSION = YES;
				CLANG_WARN_OBJC_LITERAL_CONVERSION = YES;
				CLANG_WARN_OBJC_ROOT_CLASS = YES_ERROR;
				CLANG_WARN_RANGE_LOOP_ANALYSIS = YES;
				CLANG_WARN_STRICT_PROTOTYPES = YES;
				CLANG_WARN_SUSPICIOUS_MOVE = YES;
				CLANG_WARN_UNGUARDED_AVAILABILITY = YES_AGGRESSIVE;
				CLANG_WARN_UNREACHABLE_CODE = YES;
				CLANG_WARN__DUPLICATE_METHOD_MATCH = YES;
				CODE_SIGN_IDENTITY = "iPhone Developer";
				COPY_PHASE_STRIP = NO;
				DEBUG_INFORMATION_FORMAT = "dwarf-with-dsym";
				ENABLE_NS_ASSERTIONS = NO;
				ENABLE_STRICT_OBJC_MSGSEND = YES;
				GCC_C_LANGUAGE_STANDARD = gnu11;
				GCC_NO_COMMON_BLOCKS = YES;
				GCC_WARN_64_TO_32_BIT_CONVERSION = YES;
				GCC_WARN_ABOUT_RETURN_TYPE = YES_ERROR;
				GCC_WARN_UNDECLARED_SELECTOR = YES;
				GCC_WARN_UNINITIALIZED_AUTOS = YES_AGGRESSIVE;
				GCC_WARN_UNUSED_FUNCTION = YES;
				GCC_WARN_UNUSED_VARIABLE = YES;
				IPHONEOS_DEPLOYMENT_TARGET = 9.0;
				MTL_ENABLE_DEBUG_INFO = NO;
				SDKROOT = iphoneos;
				VALIDATE_PRODUCT = YES;
			};
			name = Release;
		};
		6DF007201FC050A10016AA10 /* Debug */ = {
			isa = XCBuildConfiguration;
			buildSettings = {
				ASSETCATALOG_COMPILER_APPICON_NAME = AppIcon;
				CODE_SIGN_STYLE = Automatic;
				INFOPLIST_FILE = ClassAndPropertiesPrint/Info.plist;
				LD_RUNPATH_SEARCH_PATHS = "$(inherited) @executable_path/Frameworks";
				PRODUCT_BUNDLE_IDENTIFIER = cc.ihtc.ClassAndPropertiesPrint;
				PRODUCT_NAME = "$(TARGET_NAME)";
				TARGETED_DEVICE_FAMILY = "1,2";
			};
			name = Debug;
		};
		6DF007211FC050A10016AA10 /* Release */ = {
			isa = XCBuildConfiguration;
			buildSettings = {
				ASSETCATALOG_COMPILER_APPICON_NAME = AppIcon;
				CODE_SIGN_STYLE = Automatic;
				INFOPLIST_FILE = ClassAndPropertiesPrint/Info.plist;
				LD_RUNPATH_SEARCH_PATHS = "$(inherited) @executable_path/Frameworks";
				PRODUCT_BUNDLE_IDENTIFIER = cc.ihtc.ClassAndPropertiesPrint;
				PRODUCT_NAME = "$(TARGET_NAME)";
				TARGETED_DEVICE_FAMILY = "1,2";
			};
			name = Release;
		};
		6DF007231FC050A10016AA10 /* Debug */ = {
			isa = XCBuildConfiguration;
			buildSettings = {
				BUNDLE_LOADER = "$(TEST_HOST)";
				CODE_SIGN_STYLE = Automatic;
				INFOPLIST_FILE = ClassAndPropertiesPrintTests/Info.plist;
				LD_RUNPATH_SEARCH_PATHS = "$(inherited) @executable_path/Frameworks @loader_path/Frameworks";
				PRODUCT_BUNDLE_IDENTIFIER = cc.ihtc.ClassAndPropertiesPrintTests;
				PRODUCT_NAME = "$(TARGET_NAME)";
				TARGETED_DEVICE_FAMILY = "1,2";
				TEST_HOST = "$(BUILT_PRODUCTS_DIR)/ClassAndPropertiesPrint.app/ClassAndPropertiesPrint";
			};
			name = Debug;
		};
		6DF007241FC050A10016AA10 /* Release */ = {
			isa = XCBuildConfiguration;
			buildSettings = {
				BUNDLE_LOADER = "$(TEST_HOST)";
				CODE_SIGN_STYLE = Automatic;
				INFOPLIST_FILE = ClassAndPropertiesPrintTests/Info.plist;
				LD_RUNPATH_SEARCH_PATHS = "$(inherited) @executable_path/Frameworks @loader_path/Frameworks";
				PRODUCT_BUNDLE_IDENTIFIER = cc.ihtc.ClassAndPropertiesPrintTests;
				PRODUCT_NAME = "$(TARGET_NAME)";
				TARGETED_DEVICE_FAMILY = "1,2";
				TEST_HOST = "$(BUILT_PRODUCTS_DIR)/ClassAndPropertiesPrint.app/ClassAndPropertiesPrint";
			};
			name = Release;
		};
		6DF007261FC050A10016AA10 /* Debug */ = {
			isa = XCBuildConfiguration;
			buildSettings = {
				CODE_SIGN_STYLE = Automatic;
				INFOPLIST_FILE = ClassAndPropertiesPrintUITests/Info.plist;
				LD_RUNPATH_SEARCH_PATHS = "$(inherited) @executable_path/Frameworks @loader_path/Frameworks";
				PRODUCT_BUNDLE_IDENTIFIER = cc.ihtc.ClassAndPropertiesPrintUITests;
				PRODUCT_NAME = "$(TARGET_NAME)";
				TARGETED_DEVICE_FAMILY = "1,2";
				TEST_TARGET_NAME = ClassAndPropertiesPrint;
			};
			name = Debug;
		};
		6DF007271FC050A10016AA10 /* Release */ = {
			isa = XCBuildConfiguration;
			buildSettings = {
				CODE_SIGN_STYLE = Automatic;
				INFOPLIST_FILE = ClassAndPropertiesPrintUITests/Info.plist;
				LD_RUNPATH_SEARCH_PATHS = "$(inherited) @executable_path/Frameworks @loader_path/Frameworks";
				PRODUCT_BUNDLE_IDENTIFIER = cc.ihtc.ClassAndPropertiesPrintUITests;
				PRODUCT_NAME = "$(TARGET_NAME)";
				TARGETED_DEVICE_FAMILY = "1,2";
				TEST_TARGET_NAME = ClassAndPropertiesPrint;
			};
			name = Release;
		};
/* End XCBuildConfiguration section */

/* Begin XCConfigurationList section */
		6DF006EE1FC050A10016AA10 /* Build configuration list for PBXProject "ClassAndPropertiesPrint" */ = {
			isa = XCConfigurationList;
			buildConfigurations = (
				6DF0071D1FC050A10016AA10 /* Debug */,
				6DF0071E1FC050A10016AA10 /* Release */,
			);
			defaultConfigurationIsVisible = 0;
			defaultConfigurationName = Release;
		};
		6DF0071F1FC050A10016AA10 /* Build configuration list for PBXNativeTarget "ClassAndPropertiesPrint" */ = {
			isa = XCConfigurationList;
			buildConfigurations = (
				6DF007201FC050A10016AA10 /* Debug */,
				6DF007211FC050A10016AA10 /* Release */,
			);
			defaultConfigurationIsVisible = 0;
			defaultConfigurationName = Release;
		};
		6DF007221FC050A10016AA10 /* Build configuration list for PBXNativeTarget "ClassAndPropertiesPrintTests" */ = {
			isa = XCConfigurationList;
			buildConfigurations = (
				6DF007231FC050A10016AA10 /* Debug */,
				6DF007241FC050A10016AA10 /* Release */,
			);
			defaultConfigurationIsVisible = 0;
			defaultConfigurationName = Release;
		};
		6DF007251FC050A10016AA10 /* Build configuration list for PBXNativeTarget "ClassAndPropertiesPrintUITests" */ = {
			isa = XCConfigurationList;
			buildConfigurations = (
				6DF007261FC050A10016AA10 /* Debug */,
				6DF007271FC050A10016AA10 /* Release */,
			);
			defaultConfigurationIsVisible = 0;
			defaultConfigurationName = Release;
		};
/* End XCConfigurationList section */
	};
	rootObject = 6DF006EB1FC050A10016AA10 /* Project object */;
}
